
Microsoft Visual Studio Solution File, Format Version 12.00
# Visual Studio Version 16
VisualStudioVersion = 16.0.30804.86
MinimumVisualStudioVersion = 10.0.40219.1
Project("{9092AA53-FB77-4645-B42D-1CCCA6BD08BD}") = "node first", "node first\node first.njsproj", "{5FDCC273-1207-4F54-875F-203BD9F83759}"
EndProject
Global
	GlobalSection(SolutionConfigurationPlatforms) = preSolution
		Debug|Any CPU = Debug|Any CPU
		Release|Any CPU = Release|Any CPU
	EndGlobalSection
	GlobalSection(ProjectConfigurationPlatforms) = postSolution
		{5FDCC273-1207-4F54-875F-203BD9F83759}.Debug|Any CPU.ActiveCfg = Debug|Any CPU
		{5FDCC273-1207-4F54-875F-203BD9F83759}.Debug|Any CPU.Build.0 = Debug|Any CPU
		{5FDCC273-1207-4F54-875F-203BD9F83759}.Release|Any CPU.ActiveCfg = Release|Any CPU
		{5FDCC273-1207-4F54-875F-203BD9F83759}.Release|Any CPU.Build.0 = Release|Any CPU
	EndGlobalSection
	GlobalSection(SolutionProperties) = preSolution
		HideSolutionNode = FALSE
	EndGlobalSection
	GlobalSection(ExtensibilityGlobals) = postSolution
		SolutionGuid = {AF98B840-B8F1-4622-AD44-4FFAB82A374D}
	EndGlobalSection
EndGlobal
